
Microsoft Visual Studio Solution File, Format Version 12.00
# Visual Studio Version 16
VisualStudioVersion = 16.0.29209.62
MinimumVisualStudioVersion = 10.0.40219.1
Project("{FAE04EC0-301F-11D3-BF4B-00C04F79EFBC}") = "CreatData", "CreatData\CreatData.csproj", "{CF23EA4F-9075-460B-B853-05A27C4E28E3}"
EndProject
Global
	GlobalSection(SolutionConfigurationPlatforms) = preSolution
		Debug|Any CPU = Debug|Any CPU
		Release|Any CPU = Release|Any CPU
	EndGlobalSection
	GlobalSection(ProjectConfigurationPlatforms) = postSolution
		{CF23EA4F-9075-460B-B853-05A27C4E28E3}.Debug|Any CPU.ActiveCfg = Debug|Any CPU
		{CF23EA4F-9075-460B-B853-05A27C4E28E3}.Debug|Any CPU.Build.0 = Debug|Any CPU
		{CF23EA4F-9075-460B-B853-05A27C4E28E3}.Release|Any CPU.ActiveCfg = Release|Any CPU
		{CF23EA4F-9075-460B-B853-05A27C4E28E3}.Release|Any CPU.Build.0 = Release|Any CPU
	EndGlobalSection
	GlobalSection(SolutionProperties) = preSolution
		HideSolutionNode = FALSE
	EndGlobalSection
	GlobalSection(ExtensibilityGlobals) = postSolution
		SolutionGuid = {867DDDF3-3732-4991-9C0A-A698F015276E}
	EndGlobalSection
EndGlobal
